
Microsoft Visual Studio Solution File, Format Version 12.00
# Visual Studio Version 17
VisualStudioVersion = 17.2.32602.215
MinimumVisualStudioVersion = 10.0.40219.1
Project("{FAE04EC0-301F-11D3-BF4B-00C04F79EFBC}") = "helloworld", "helloworld.csproj", "{529F29B1-9D04-4D24-99F2-2084013A2A25}"
EndProject
Global
	GlobalSection(SolutionConfigurationPlatforms) = preSolution
		Debug|Any CPU = Debug|Any CPU
		Release|Any CPU = Release|Any CPU
	EndGlobalSection
	GlobalSection(ProjectConfigurationPlatforms) = postSolution
		{529F29B1-9D04-4D24-99F2-2084013A2A25}.Debug|Any CPU.ActiveCfg = Debug|Any CPU
		{529F29B1-9D04-4D24-99F2-2084013A2A25}.Debug|Any CPU.Build.0 = Debug|Any CPU
		{529F29B1-9D04-4D24-99F2-2084013A2A25}.Release|Any CPU.ActiveCfg = Release|Any CPU
		{529F29B1-9D04-4D24-99F2-2084013A2A25}.Release|Any CPU.Build.0 = Release|Any CPU
	EndGlobalSection
	GlobalSection(SolutionProperties) = preSolution
		HideSolutionNode = FALSE
	EndGlobalSection
	GlobalSection(ExtensibilityGlobals) = postSolution
		SolutionGuid = {445C377C-0534-48EA-B05D-ACCC94AEA6AD}
	EndGlobalSection
EndGlobal
