
Microsoft Visual Studio Solution File, Format Version 12.00
# Visual Studio Version 17
VisualStudioVersion = 17.2.32602.215
MinimumVisualStudioVersion = 10.0.40219.1
Project("{FAE04EC0-301F-11D3-BF4B-00C04F79EFBC}") = "encapsulation", "encapsulation.csproj", "{8926C2FD-A74B-4177-A455-737B2A567DB3}"
EndProject
Project("{FAE04EC0-301F-11D3-BF4B-00C04F79EFBC}") = "methods", "..\methods\methods.csproj", "{A6B74919-B7E9-4B09-971D-CB979CCC3F6F}"
EndProject
Global
	GlobalSection(SolutionConfigurationPlatforms) = preSolution
		Debug|Any CPU = Debug|Any CPU
		Release|Any CPU = Release|Any CPU
	EndGlobalSection
	GlobalSection(ProjectConfigurationPlatforms) = postSolution
		{8926C2FD-A74B-4177-A455-737B2A567DB3}.Debug|Any CPU.ActiveCfg = Debug|Any CPU
		{8926C2FD-A74B-4177-A455-737B2A567DB3}.Debug|Any CPU.Build.0 = Debug|Any CPU
		{8926C2FD-A74B-4177-A455-737B2A567DB3}.Release|Any CPU.ActiveCfg = Release|Any CPU
		{8926C2FD-A74B-4177-A455-737B2A567DB3}.Release|Any CPU.Build.0 = Release|Any CPU
		{A6B74919-B7E9-4B09-971D-CB979CCC3F6F}.Debug|Any CPU.ActiveCfg = Debug|Any CPU
		{A6B74919-B7E9-4B09-971D-CB979CCC3F6F}.Debug|Any CPU.Build.0 = Debug|Any CPU
		{A6B74919-B7E9-4B09-971D-CB979CCC3F6F}.Release|Any CPU.ActiveCfg = Release|Any CPU
		{A6B74919-B7E9-4B09-971D-CB979CCC3F6F}.Release|Any CPU.Build.0 = Release|Any CPU
	EndGlobalSection
	GlobalSection(SolutionProperties) = preSolution
		HideSolutionNode = FALSE
	EndGlobalSection
	GlobalSection(ExtensibilityGlobals) = postSolution
		SolutionGuid = {043734A2-B149-4BA2-ABDB-BF7114886454}
	EndGlobalSection
EndGlobal
