
Microsoft Visual Studio Solution File, Format Version 12.00
# Visual Studio Version 17
VisualStudioVersion = 17.2.32630.192
MinimumVisualStudioVersion = 10.0.40219.1
Project("{FAE04EC0-301F-11D3-BF4B-00C04F79EFBC}") = "InstanceAndArray", "InstanceAndArray.csproj", "{2B4A7C1D-2AED-42F6-ACC2-D8F9C3332845}"
EndProject
Global
	GlobalSection(SolutionConfigurationPlatforms) = preSolution
		Debug|Any CPU = Debug|Any CPU
		Release|Any CPU = Release|Any CPU
	EndGlobalSection
	GlobalSection(ProjectConfigurationPlatforms) = postSolution
		{2B4A7C1D-2AED-42F6-ACC2-D8F9C3332845}.Debug|Any CPU.ActiveCfg = Debug|Any CPU
		{2B4A7C1D-2AED-42F6-ACC2-D8F9C3332845}.Debug|Any CPU.Build.0 = Debug|Any CPU
		{2B4A7C1D-2AED-42F6-ACC2-D8F9C3332845}.Release|Any CPU.ActiveCfg = Release|Any CPU
		{2B4A7C1D-2AED-42F6-ACC2-D8F9C3332845}.Release|Any CPU.Build.0 = Release|Any CPU
	EndGlobalSection
	GlobalSection(SolutionProperties) = preSolution
		HideSolutionNode = FALSE
	EndGlobalSection
	GlobalSection(ExtensibilityGlobals) = postSolution
		SolutionGuid = {16B7540A-7CD3-4468-8355-6F74FE724588}
	EndGlobalSection
EndGlobal
